
Microsoft Visual Studio Solution File, Format Version 12.00
# Visual Studio Version 17
VisualStudioVersion = 17.9.34728.123
MinimumVisualStudioVersion = 10.0.40219.1
Project("{FAE04EC0-301F-11D3-BF4B-00C04F79EFBC}") = "OptimaFarm_TestTask", "OptimaFarm_TestTask.csproj", "{EAB46563-A74C-4F0D-8F80-30553C276533}"
EndProject
Project("{FAE04EC0-301F-11D3-BF4B-00C04F79EFBC}") = "UnitTests", "UnitTests\UnitTests.csproj", "{D614508E-79B1-4278-A0BF-963D84216AAF}"
EndProject
Global
	GlobalSection(SolutionConfigurationPlatforms) = preSolution
		Debug|Any CPU = Debug|Any CPU
		Release|Any CPU = Release|Any CPU
	EndGlobalSection
	GlobalSection(ProjectConfigurationPlatforms) = postSolution
		{EAB46563-A74C-4F0D-8F80-30553C276533}.Debug|Any CPU.ActiveCfg = Debug|Any CPU
		{EAB46563-A74C-4F0D-8F80-30553C276533}.Debug|Any CPU.Build.0 = Debug|Any CPU
		{EAB46563-A74C-4F0D-8F80-30553C276533}.Release|Any CPU.ActiveCfg = Release|Any CPU
		{EAB46563-A74C-4F0D-8F80-30553C276533}.Release|Any CPU.Build.0 = Release|Any CPU
		{D614508E-79B1-4278-A0BF-963D84216AAF}.Debug|Any CPU.ActiveCfg = Debug|Any CPU
		{D614508E-79B1-4278-A0BF-963D84216AAF}.Debug|Any CPU.Build.0 = Debug|Any CPU
		{D614508E-79B1-4278-A0BF-963D84216AAF}.Release|Any CPU.ActiveCfg = Release|Any CPU
		{D614508E-79B1-4278-A0BF-963D84216AAF}.Release|Any CPU.Build.0 = Release|Any CPU
	EndGlobalSection
	GlobalSection(SolutionProperties) = preSolution
		HideSolutionNode = FALSE
	EndGlobalSection
	GlobalSection(ExtensibilityGlobals) = postSolution
		SolutionGuid = {77EA7C22-D3AF-43AB-9AA7-E784FA817E00}
	EndGlobalSection
EndGlobal
